// !$*UTF8*$!
{
	archiveVersion = 1;
	classes = {
	};
	objectVersion = 46;
	objects = {

/* Begin PBXBuildFile section */
		6B1F66742276344D29933551 /* Pods_Dating_App.framework in Frameworks */ = {isa = PBXBuildFile; fileRef = 198FE76D7D5DC78437A06109 /* Pods_Dating_App.framework */; };
		D20759961F6D2D9800942C16 /* ChatVC.swift in Sources */ = {isa = PBXBuildFile; fileRef = D20759951F6D2D9800942C16 /* ChatVC.swift */; };
		D20759981F6D2DA300942C16 /* ChatDetailVC.swift in Sources */ = {isa = PBXBuildFile; fileRef = D20759971F6D2DA300942C16 /* ChatDetailVC.swift */; };
		D207599A1F6D478E00942C16 /* Conversation.swift in Sources */ = {isa = PBXBuildFile; fileRef = D20759991F6D478E00942C16 /* Conversation.swift */; };
		D207599C1F6D4D4600942C16 /* Message.swift in Sources */ = {isa = PBXBuildFile; fileRef = D207599B1F6D4D4600942C16 /* Message.swift */; };
		D288D08B1F6CD1A900670DEC /* AppDelegate.swift in Sources */ = {isa = PBXBuildFile; fileRef = D288D08A1F6CD1A900670DEC /* AppDelegate.swift */; };
		D288D08D1F6CD1A900670DEC /* LoginVC.swift in Sources */ = {isa = PBXBuildFile; fileRef = D288D08C1F6CD1A900670DEC /* LoginVC.swift */; };
		D288D0901F6CD1A900670DEC /* Main.storyboard in Resources */ = {isa = PBXBuildFile; fileRef = D288D08E1F6CD1A900670DEC /* Main.storyboard */; };
		D288D0921F6CD1A900670DEC /* Assets.xcassets in Resources */ = {isa = PBXBuildFile; fileRef = D288D0911F6CD1A900670DEC /* Assets.xcassets */; };
		D288D0951F6CD1A900670DEC /* LaunchScreen.storyboard in Resources */ = {isa = PBXBuildFile; fileRef = D288D0931F6CD1A900670DEC /* LaunchScreen.storyboard */; };
		D288D0A41F6CD27D00670DEC /* CircleImage.swift in Sources */ = {isa = PBXBuildFile; fileRef = D288D0A01F6CD27D00670DEC /* CircleImage.swift */; };
		D288D0A51F6CD27D00670DEC /* FancyBtn.swift in Sources */ = {isa = PBXBuildFile; fileRef = D288D0A11F6CD27D00670DEC /* FancyBtn.swift */; };
		D288D0A61F6CD27D00670DEC /* FancyTextField.swift in Sources */ = {isa = PBXBuildFile; fileRef = D288D0A21F6CD27D00670DEC /* FancyTextField.swift */; };
		D288D0A71F6CD27D00670DEC /* FancyView.swift in Sources */ = {isa = PBXBuildFile; fileRef = D288D0A31F6CD27D00670DEC /* FancyView.swift */; };
		D288D0A91F6CD2FA00670DEC /* GoogleService-Info.plist in Resources */ = {isa = PBXBuildFile; fileRef = D288D0A81F6CD2FA00670DEC /* GoogleService-Info.plist */; };
		D288D0AC1F6CD40500670DEC /* DataService.swift in Sources */ = {isa = PBXBuildFile; fileRef = D288D0AB1F6CD40500670DEC /* DataService.swift */; };
		D288D0AE1F6CD44700670DEC /* AuthService.swift in Sources */ = {isa = PBXBuildFile; fileRef = D288D0AD1F6CD44700670DEC /* AuthService.swift */; };
		D288D0B01F6CD62700670DEC /* GradientView.swift in Sources */ = {isa = PBXBuildFile; fileRef = D288D0AF1F6CD62700670DEC /* GradientView.swift */; };
		D288D0B71F6CDF2F00670DEC /* Constant.swift in Sources */ = {isa = PBXBuildFile; fileRef = D288D0B61F6CDF2F00670DEC /* Constant.swift */; };
		D288D0B91F6CE2F600670DEC /* HashTag.swift in Sources */ = {isa = PBXBuildFile; fileRef = D288D0B81F6CE2F600670DEC /* HashTag.swift */; };
		D288D0BB1F6CE51200670DEC /* HashTagVC.swift in Sources */ = {isa = PBXBuildFile; fileRef = D288D0BA1F6CE51200670DEC /* HashTagVC.swift */; };
		D288D0BD1F6CF25500670DEC /* HelperFunctions.swift in Sources */ = {isa = PBXBuildFile; fileRef = D288D0BC1F6CF25500670DEC /* HelperFunctions.swift */; };
		D288D0BF1F6CF66A00670DEC /* HashTagCell.swift in Sources */ = {isa = PBXBuildFile; fileRef = D288D0BE1F6CF66A00670DEC /* HashTagCell.swift */; };
/* End PBXBuildFile section */

/* Begin PBXFileReference section */
		172665F1F8F077A8C698F24A /* Pods-Dating App.debug.xcconfig */ = {isa = PBXFileReference; includeInIndex = 1; lastKnownFileType = text.xcconfig; name = "Pods-Dating App.debug.xcconfig"; path = "Pods/Target Support Files/Pods-Dating App/Pods-Dating App.debug.xcconfig"; sourceTree = "<group>"; };
		198FE76D7D5DC78437A06109 /* Pods_Dating_App.framework */ = {isa = PBXFileReference; explicitFileType = wrapper.framework; includeInIndex = 0; path = Pods_Dating_App.framework; sourceTree = BUILT_PRODUCTS_DIR; };
		5A3A53AC8FA4EB60E4738846 /* Pods-Dating App.release.xcconfig */ = {isa = PBXFileReference; includeInIndex = 1; lastKnownFileType = text.xcconfig; name = "Pods-Dating App.release.xcconfig"; path = "Pods/Target Support Files/Pods-Dating App/Pods-Dating App.release.xcconfig"; sourceTree = "<group>"; };
		D20759951F6D2D9800942C16 /* ChatVC.swift */ = {isa = PBXFileReference; fileEncoding = 4; lastKnownFileType = sourcecode.swift; path = ChatVC.swift; sourceTree = "<group>"; };
		D20759971F6D2DA300942C16 /* ChatDetailVC.swift */ = {isa = PBXFileReference; fileEncoding = 4; lastKnownFileType = sourcecode.swift; path = ChatDetailVC.swift; sourceTree = "<group>"; };
		D20759991F6D478E00942C16 /* Conversation.swift */ = {isa = PBXFileReference; fileEncoding = 4; lastKnownFileType = sourcecode.swift; path = Conversation.swift; sourceTree = "<group>"; };
		D207599B1F6D4D4600942C16 /* Message.swift */ = {isa = PBXFileReference; fileEncoding = 4; lastKnownFileType = sourcecode.swift; path = Message.swift; sourceTree = "<group>"; };
		D288D0871F6CD1A900670DEC /* Dating App.app */ = {isa = PBXFileReference; explicitFileType = wrapper.application; includeInIndex = 0; path = "Dating App.app"; sourceTree = BUILT_PRODUCTS_DIR; };
		D288D08A1F6CD1A900670DEC /* AppDelegate.swift */ = {isa = PBXFileReference; lastKnownFileType = sourcecode.swift; path = AppDelegate.swift; sourceTree = "<group>"; };
		D288D08C1F6CD1A900670DEC /* LoginVC.swift */ = {isa = PBXFileReference; lastKnownFileType = sourcecode.swift; path = LoginVC.swift; sourceTree = "<group>"; };
		D288D08F1F6CD1A900670DEC /* Base */ = {isa = PBXFileReference; lastKnownFileType = file.storyboard; name = Base; path = Base.lproj/Main.storyboard; sourceTree = "<group>"; };
		D288D0911F6CD1A900670DEC /* Assets.xcassets */ = {isa = PBXFileReference; lastKnownFileType = folder.assetcatalog; path = Assets.xcassets; sourceTree = "<group>"; };
		D288D0941F6CD1A900670DEC /* Base */ = {isa = PBXFileReference; lastKnownFileType = file.storyboard; name = Base; path = Base.lproj/LaunchScreen.storyboard; sourceTree = "<group>"; };
		D288D0961F6CD1A900670DEC /* Info.plist */ = {isa = PBXFileReference; lastKnownFileType = text.plist.xml; path = Info.plist; sourceTree = "<group>"; };
		D288D0A01F6CD27D00670DEC /* CircleImage.swift */ = {isa = PBXFileReference; fileEncoding = 4; lastKnownFileType = sourcecode.swift; path = CircleImage.swift; sourceTree = "<group>"; };
		D288D0A11F6CD27D00670DEC /* FancyBtn.swift */ = {isa = PBXFileReference; fileEncoding = 4; lastKnownFileType = sourcecode.swift; path = FancyBtn.swift; sourceTree = "<group>"; };
		D288D0A21F6CD27D00670DEC /* FancyTextField.swift */ = {isa = PBXFileReference; fileEncoding = 4; lastKnownFileType = sourcecode.swift; path = FancyTextField.swift; sourceTree = "<group>"; };
		D288D0A31F6CD27D00670DEC /* FancyView.swift */ = {isa = PBXFileReference; fileEncoding = 4; lastKnownFileType = sourcecode.swift; path = FancyView.swift; sourceTree = "<group>"; };
		D288D0A81F6CD2FA00670DEC /* GoogleService-Info.plist */ = {isa = PBXFileReference; fileEncoding = 4; lastKnownFileType = text.plist.xml; path = "GoogleService-Info.plist"; sourceTree = "<group>"; };
		D288D0AB1F6CD40500670DEC /* DataService.swift */ = {isa = PBXFileReference; fileEncoding = 4; lastKnownFileType = sourcecode.swift; path = DataService.swift; sourceTree = "<group>"; };
		D288D0AD1F6CD44700670DEC /* AuthService.swift */ = {isa = PBXFileReference; fileEncoding = 4; lastKnownFileType = sourcecode.swift; path = AuthService.swift; sourceTree = "<group>"; };
		D288D0AF1F6CD62700670DEC /* GradientView.swift */ = {isa = PBXFileReference; fileEncoding = 4; lastKnownFileType = sourcecode.swift; path = GradientView.swift; sourceTree = "<group>"; };
		D288D0B61F6CDF2F00670DEC /* Constant.swift */ = {isa = PBXFileReference; fileEncoding = 4; lastKnownFileType = sourcecode.swift; path = Constant.swift; sourceTree = "<group>"; };
		D288D0B81F6CE2F600670DEC /* HashTag.swift */ = {isa = PBXFileReference; fileEncoding = 4; lastKnownFileType = sourcecode.swift; path = HashTag.swift; sourceTree = "<group>"; };
		D288D0BA1F6CE51200670DEC /* HashTagVC.swift */ = {isa = PBXFileReference; fileEncoding = 4; lastKnownFileType = sourcecode.swift; path = HashTagVC.swift; sourceTree = "<group>"; };
		D288D0BC1F6CF25500670DEC /* HelperFunctions.swift */ = {isa = PBXFileReference; fileEncoding = 4; lastKnownFileType = sourcecode.swift; path = HelperFunctions.swift; sourceTree = "<group>"; };
		D288D0BE1F6CF66A00670DEC /* HashTagCell.swift */ = {isa = PBXFileReference; fileEncoding = 4; lastKnownFileType = sourcecode.swift; path = HashTagCell.swift; sourceTree = "<group>"; };
/* End PBXFileReference section */

/* Begin PBXFrameworksBuildPhase section */
		D288D0841F6CD1A900670DEC /* Frameworks */ = {
			isa = PBXFrameworksBuildPhase;
			buildActionMask = 2147483647;
			files = (
				6B1F66742276344D29933551 /* Pods_Dating_App.framework in Frameworks */,
			);
			runOnlyForDeploymentPostprocessing = 0;
		};
/* End PBXFrameworksBuildPhase section */

/* Begin PBXGroup section */
		39E9A02DF8CE83EFEE69D8E8 /* Frameworks */ = {
			isa = PBXGroup;
			children = (
				198FE76D7D5DC78437A06109 /* Pods_Dating_App.framework */,
			);
			name = Frameworks;
			sourceTree = "<group>";
		};
		9D02CD3810035CD860694E49 /* Pods */ = {
			isa = PBXGroup;
			children = (
				172665F1F8F077A8C698F24A /* Pods-Dating App.debug.xcconfig */,
				5A3A53AC8FA4EB60E4738846 /* Pods-Dating App.release.xcconfig */,
			);
			name = Pods;
			sourceTree = "<group>";
		};
		D288D07E1F6CD1A900670DEC = {
			isa = PBXGroup;
			children = (
				D288D0891F6CD1A900670DEC /* Dating App */,
				D288D0881F6CD1A900670DEC /* Products */,
				9D02CD3810035CD860694E49 /* Pods */,
				39E9A02DF8CE83EFEE69D8E8 /* Frameworks */,
			);
			sourceTree = "<group>";
		};
		D288D0881F6CD1A900670DEC /* Products */ = {
			isa = PBXGroup;
			children = (
				D288D0871F6CD1A900670DEC /* Dating App.app */,
			);
			name = Products;
			sourceTree = "<group>";
		};
		D288D0891F6CD1A900670DEC /* Dating App */ = {
			isa = PBXGroup;
			children = (
				D288D0A81F6CD2FA00670DEC /* GoogleService-Info.plist */,
				D288D08A1F6CD1A900670DEC /* AppDelegate.swift */,
				D288D0B51F6CDF2500670DEC /* Utils */,
				D288D0AA1F6CD3FA00670DEC /* Services */,
				D288D09C1F6CD20900670DEC /* Views */,
				D288D09E1F6CD21300670DEC /* Models */,
				D288D09D1F6CD20E00670DEC /* Controllers */,
				D288D08E1F6CD1A900670DEC /* Main.storyboard */,
				D288D0911F6CD1A900670DEC /* Assets.xcassets */,
				D288D0931F6CD1A900670DEC /* LaunchScreen.storyboard */,
				D288D0961F6CD1A900670DEC /* Info.plist */,
			);
			path = "Dating App";
			sourceTree = "<group>";
		};
		D288D09C1F6CD20900670DEC /* Views */ = {
			isa = PBXGroup;
			children = (
				D288D09F1F6CD25E00670DEC /* CustomView */,
				D288D0BE1F6CF66A00670DEC /* HashTagCell.swift */,
			);
			name = Views;
			sourceTree = "<group>";
		};
		D288D09D1F6CD20E00670DEC /* Controllers */ = {
			isa = PBXGroup;
			children = (
				D288D08C1F6CD1A900670DEC /* LoginVC.swift */,
				D288D0BA1F6CE51200670DEC /* HashTagVC.swift */,
				D20759951F6D2D9800942C16 /* ChatVC.swift */,
				D20759971F6D2DA300942C16 /* ChatDetailVC.swift */,
			);
			name = Controllers;
			sourceTree = "<group>";
		};
		D288D09E1F6CD21300670DEC /* Models */ = {
			isa = PBXGroup;
			children = (
				D288D0B81F6CE2F600670DEC /* HashTag.swift */,
				D20759991F6D478E00942C16 /* Conversation.swift */,
				D207599B1F6D4D4600942C16 /* Message.swift */,
			);
			name = Models;
			sourceTree = "<group>";
		};
		D288D09F1F6CD25E00670DEC /* CustomView */ = {
			isa = PBXGroup;
			children = (
				D288D0AF1F6CD62700670DEC /* GradientView.swift */,
				D288D0A01F6CD27D00670DEC /* CircleImage.swift */,
				D288D0A11F6CD27D00670DEC /* FancyBtn.swift */,
				D288D0A21F6CD27D00670DEC /* FancyTextField.swift */,
				D288D0A31F6CD27D00670DEC /* FancyView.swift */,
			);
			name = CustomView;
			sourceTree = "<group>";
		};
		D288D0AA1F6CD3FA00670DEC /* Services */ = {
			isa = PBXGroup;
			children = (
				D288D0AB1F6CD40500670DEC /* DataService.swift */,
				D288D0AD1F6CD44700670DEC /* AuthService.swift */,
			);
			name = Services;
			sourceTree = "<group>";
		};
		D288D0B51F6CDF2500670DEC /* Utils */ = {
			isa = PBXGroup;
			children = (
				D288D0B61F6CDF2F00670DEC /* Constant.swift */,
				D288D0BC1F6CF25500670DEC /* HelperFunctions.swift */,
			);
			name = Utils;
			sourceTree = "<group>";
		};
/* End PBXGroup section */

/* Begin PBXNativeTarget section */
		D288D0861F6CD1A900670DEC /* Dating App */ = {
			isa = PBXNativeTarget;
			buildConfigurationList = D288D0991F6CD1A900670DEC /* Build configuration list for PBXNativeTarget "Dating App" */;
			buildPhases = (
				0B25EA47198D1B947347841D /* [CP] Check Pods Manifest.lock */,
				D288D0831F6CD1A900670DEC /* Sources */,
				D288D0841F6CD1A900670DEC /* Frameworks */,
				D288D0851F6CD1A900670DEC /* Resources */,
				97AB4E684AEF05211BF1D1C6 /* [CP] Embed Pods Frameworks */,
				66DDA820C5B8E55F23161856 /* [CP] Copy Pods Resources */,
			);
			buildRules = (
			);
			dependencies = (
			);
			name = "Dating App";
			productName = "Dating App";
			productReference = D288D0871F6CD1A900670DEC /* Dating App.app */;
			productType = "com.apple.product-type.application";
		};
/* End PBXNativeTarget section */

/* Begin PBXProject section */
		D288D07F1F6CD1A900670DEC /* Project object */ = {
			isa = PBXProject;
			attributes = {
				LastSwiftUpdateCheck = 0830;
				LastUpgradeCheck = 0830;
				ORGANIZATIONNAME = Khoa;
				TargetAttributes = {
					D288D0861F6CD1A900670DEC = {
						CreatedOnToolsVersion = 8.3.2;
						DevelopmentTeam = 95C5AY3VSS;
						ProvisioningStyle = Automatic;
					};
				};
			};
			buildConfigurationList = D288D0821F6CD1A900670DEC /* Build configuration list for PBXProject "Dating App" */;
			compatibilityVersion = "Xcode 3.2";
			developmentRegion = English;
			hasScannedForEncodings = 0;
			knownRegions = (
				en,
				Base,
			);
			mainGroup = D288D07E1F6CD1A900670DEC;
			productRefGroup = D288D0881F6CD1A900670DEC /* Products */;
			projectDirPath = "";
			projectRoot = "";
			targets = (
				D288D0861F6CD1A900670DEC /* Dating App */,
			);
		};
/* End PBXProject section */

/* Begin PBXResourcesBuildPhase section */
		D288D0851F6CD1A900670DEC /* Resources */ = {
			isa = PBXResourcesBuildPhase;
			buildActionMask = 2147483647;
			files = (
				D288D0951F6CD1A900670DEC /* LaunchScreen.storyboard in Resources */,
				D288D0A91F6CD2FA00670DEC /* GoogleService-Info.plist in Resources */,
				D288D0921F6CD1A900670DEC /* Assets.xcassets in Resources */,
				D288D0901F6CD1A900670DEC /* Main.storyboard in Resources */,
			);
			runOnlyForDeploymentPostprocessing = 0;
		};
/* End PBXResourcesBuildPhase section */

/* Begin PBXShellScriptBuildPhase section */
		0B25EA47198D1B947347841D /* [CP] Check Pods Manifest.lock */ = {
			isa = PBXShellScriptBuildPhase;
			buildActionMask = 2147483647;
			files = (
			);
			inputPaths = (
			);
			name = "[CP] Check Pods Manifest.lock";
			outputPaths = (
			);
			runOnlyForDeploymentPostprocessing = 0;
			shellPath = /bin/sh;
			shellScript = "diff \"${PODS_ROOT}/../Podfile.lock\" \"${PODS_ROOT}/Manifest.lock\" > /dev/null\nif [ $? != 0 ] ; then\n    # print error to STDERR\n    echo \"error: The sandbox is not in sync with the Podfile.lock. Run 'pod install' or update your CocoaPods installation.\" >&2\n    exit 1\nfi\n";
			showEnvVarsInLog = 0;
		};
		66DDA820C5B8E55F23161856 /* [CP] Copy Pods Resources */ = {
			isa = PBXShellScriptBuildPhase;
			buildActionMask = 2147483647;
			files = (
			);
			inputPaths = (
			);
			name = "[CP] Copy Pods Resources";
			outputPaths = (
			);
			runOnlyForDeploymentPostprocessing = 0;
			shellPath = /bin/sh;
			shellScript = "\"${SRCROOT}/Pods/Target Support Files/Pods-Dating App/Pods-Dating App-resources.sh\"\n";
			showEnvVarsInLog = 0;
		};
		97AB4E684AEF05211BF1D1C6 /* [CP] Embed Pods Frameworks */ = {
			isa = PBXShellScriptBuildPhase;
			buildActionMask = 2147483647;
			files = (
			);
			inputPaths = (
			);
			name = "[CP] Embed Pods Frameworks";
			outputPaths = (
			);
			runOnlyForDeploymentPostprocessing = 0;
			shellPath = /bin/sh;
			shellScript = "\"${SRCROOT}/Pods/Target Support Files/Pods-Dating App/Pods-Dating App-frameworks.sh\"\n";
			showEnvVarsInLog = 0;
		};
/* End PBXShellScriptBuildPhase section */

/* Begin PBXSourcesBuildPhase section */
		D288D0831F6CD1A900670DEC /* Sources */ = {
			isa = PBXSourcesBuildPhase;
			buildActionMask = 2147483647;
			files = (
				D288D08D1F6CD1A900670DEC /* LoginVC.swift in Sources */,
				D288D0AC1F6CD40500670DEC /* DataService.swift in Sources */,
				D288D0BF1F6CF66A00670DEC /* HashTagCell.swift in Sources */,
				D207599C1F6D4D4600942C16 /* Message.swift in Sources */,
				D288D0A61F6CD27D00670DEC /* FancyTextField.swift in Sources */,
				D288D0A71F6CD27D00670DEC /* FancyView.swift in Sources */,
				D288D0B91F6CE2F600670DEC /* HashTag.swift in Sources */,
				D288D08B1F6CD1A900670DEC /* AppDelegate.swift in Sources */,
				D288D0A51F6CD27D00670DEC /* FancyBtn.swift in Sources */,
				D288D0BD1F6CF25500670DEC /* HelperFunctions.swift in Sources */,
				D20759981F6D2DA300942C16 /* ChatDetailVC.swift in Sources */,
				D20759961F6D2D9800942C16 /* ChatVC.swift in Sources */,
				D207599A1F6D478E00942C16 /* Conversation.swift in Sources */,
				D288D0BB1F6CE51200670DEC /* HashTagVC.swift in Sources */,
				D288D0A41F6CD27D00670DEC /* CircleImage.swift in Sources */,
				D288D0AE1F6CD44700670DEC /* AuthService.swift in Sources */,
				D288D0B71F6CDF2F00670DEC /* Constant.swift in Sources */,
				D288D0B01F6CD62700670DEC /* GradientView.swift in Sources */,
			);
			runOnlyForDeploymentPostprocessing = 0;
		};
/* End PBXSourcesBuildPhase section */

/* Begin PBXVariantGroup section */
		D288D08E1F6CD1A900670DEC /* Main.storyboard */ = {
			isa = PBXVariantGroup;
			children = (
				D288D08F1F6CD1A900670DEC /* Base */,
			);
			name = Main.storyboard;
			sourceTree = "<group>";
		};
		D288D0931F6CD1A900670DEC /* LaunchScreen.storyboard */ = {
			isa = PBXVariantGroup;
			children = (
				D288D0941F6CD1A900670DEC /* Base */,
			);
			name = LaunchScreen.storyboard;
			sourceTree = "<group>";
		};
/* End PBXVariantGroup section */

/* Begin XCBuildConfiguration section */
		D288D0971F6CD1A900670DEC /* Debug */ = {
			isa = XCBuildConfiguration;
			buildSettings = {
				ALWAYS_SEARCH_USER_PATHS = NO;
				CLANG_ANALYZER_NONNULL = YES;
				CLANG_ANALYZER_NUMBER_OBJECT_CONVERSION = YES_AGGRESSIVE;
				CLANG_CXX_LANGUAGE_STANDARD = "gnu++0x";
				CLANG_CXX_LIBRARY = "libc++";
				CLANG_ENABLE_MODULES = YES;
				CLANG_ENABLE_OBJC_ARC = YES;
				CLANG_WARN_BOOL_CONVERSION = YES;
				CLANG_WARN_CONSTANT_CONVERSION = YES;
				CLANG_WARN_DIRECT_OBJC_ISA_USAGE = YES_ERROR;
				CLANG_WARN_DOCUMENTATION_COMMENTS = YES;
				CLANG_WARN_EMPTY_BODY = YES;
				CLANG_WARN_ENUM_CONVERSION = YES;
				CLANG_WARN_INFINITE_RECURSION = YES;
				CLANG_WARN_INT_CONVERSION = YES;
				CLANG_WARN_OBJC_ROOT_CLASS = YES_ERROR;
				CLANG_WARN_SUSPICIOUS_MOVE = YES;
				CLANG_WARN_UNREACHABLE_CODE = YES;
				CLANG_WARN__DUPLICATE_METHOD_MATCH = YES;
				"CODE_SIGN_IDENTITY[sdk=iphoneos*]" = "iPhone Developer";
				COPY_PHASE_STRIP = NO;
				DEBUG_INFORMATION_FORMAT = dwarf;
				ENABLE_STRICT_OBJC_MSGSEND = YES;
				ENABLE_TESTABILITY = YES;
				GCC_C_LANGUAGE_STANDARD = gnu99;
				GCC_DYNAMIC_NO_PIC = NO;
				GCC_NO_COMMON_BLOCKS = YES;
				GCC_OPTIMIZATION_LEVEL = 0;
				GCC_PREPROCESSOR_DEFINITIONS = (
					"DEBUG=1",
					"$(inherited)",
				);
				GCC_WARN_64_TO_32_BIT_CONVERSION = YES;
				GCC_WARN_ABOUT_RETURN_TYPE = YES_ERROR;
				GCC_WARN_UNDECLARED_SELECTOR = YES;
				GCC_WARN_UNINITIALIZED_AUTOS = YES_AGGRESSIVE;
				GCC_WARN_UNUSED_FUNCTION = YES;
				GCC_WARN_UNUSED_VARIABLE = YES;
				IPHONEOS_DEPLOYMENT_TARGET = 10.3;
				MTL_ENABLE_DEBUG_INFO = YES;
				ONLY_ACTIVE_ARCH = YES;
				SDKROOT = iphoneos;
				SWIFT_ACTIVE_COMPILATION_CONDITIONS = DEBUG;
				SWIFT_OPTIMIZATION_LEVEL = "-Onone";
				TARGETED_DEVICE_FAMILY = "1,2";
			};
			name = Debug;
		};
		D288D0981F6CD1A900670DEC /* Release */ = {
			isa = XCBuildConfiguration;
			buildSettings = {
				ALWAYS_SEARCH_USER_PATHS = NO;
				CLANG_ANALYZER_NONNULL = YES;
				CLANG_ANALYZER_NUMBER_OBJECT_CONVERSION = YES_AGGRESSIVE;
				CLANG_CXX_LANGUAGE_STANDARD = "gnu++0x";
				CLANG_CXX_LIBRARY = "libc++";
				CLANG_ENABLE_MODULES = YES;
				CLANG_ENABLE_OBJC_ARC = YES;
				CLANG_WARN_BOOL_CONVERSION = YES;
				CLANG_WARN_CONSTANT_CONVERSION = YES;
				CLANG_WARN_DIRECT_OBJC_ISA_USAGE = YES_ERROR;
				CLANG_WARN_DOCUMENTATION_COMMENTS = YES;
				CLANG_WARN_EMPTY_BODY = YES;
				CLANG_WARN_ENUM_CONVERSION = YES;
				CLANG_WARN_INFINITE_RECURSION = YES;
				CLANG_WARN_INT_CONVERSION = YES;
				CLANG_WARN_OBJC_ROOT_CLASS = YES_ERROR;
				CLANG_WARN_SUSPICIOUS_MOVE = YES;
				CLANG_WARN_UNREACHABLE_CODE = YES;
				CLANG_WARN__DUPLICATE_METHOD_MATCH = YES;
				"CODE_SIGN_IDENTITY[sdk=iphoneos*]" = "iPhone Developer";
				COPY_PHASE_STRIP = NO;
				DEBUG_INFORMATION_FORMAT = "dwarf-with-dsym";
				ENABLE_NS_ASSERTIONS = NO;
				ENABLE_STRICT_OBJC_MSGSEND = YES;
				GCC_C_LANGUAGE_STANDARD = gnu99;
				GCC_NO_COMMON_BLOCKS = YES;
				GCC_WARN_64_TO_32_BIT_CONVERSION = YES;
				GCC_WARN_ABOUT_RETURN_TYPE = YES_ERROR;
				GCC_WARN_UNDECLARED_SELECTOR = YES;
				GCC_WARN_UNINITIALIZED_AUTOS = YES_AGGRESSIVE;
				GCC_WARN_UNUSED_FUNCTION = YES;
				GCC_WARN_UNUSED_VARIABLE = YES;
				IPHONEOS_DEPLOYMENT_TARGET = 10.3;
				MTL_ENABLE_DEBUG_INFO = NO;
				SDKROOT = iphoneos;
				SWIFT_OPTIMIZATION_LEVEL = "-Owholemodule";
				TARGETED_DEVICE_FAMILY = "1,2";
				VALIDATE_PRODUCT = YES;
			};
			name = Release;
		};
		D288D09A1F6CD1A900670DEC /* Debug */ = {
			isa = XCBuildConfiguration;
			baseConfigurationReference = 172665F1F8F077A8C698F24A /* Pods-Dating App.debug.xcconfig */;
			buildSettings = {
				ASSETCATALOG_COMPILER_APPICON_NAME = AppIcon;
				DEVELOPMENT_TEAM = 95C5AY3VSS;
				INFOPLIST_FILE = "Dating App/Info.plist";
				IPHONEOS_DEPLOYMENT_TARGET = 9.3;
				LD_RUNPATH_SEARCH_PATHS = "$(inherited) @executable_path/Frameworks";
				PRODUCT_BUNDLE_IDENTIFIER = "com.khoa.Dating-App";
				PRODUCT_NAME = "$(TARGET_NAME)";
				SWIFT_VERSION = 3.0;
			};
			name = Debug;
		};
		D288D09B1F6CD1A900670DEC /* Release */ = {
			isa = XCBuildConfiguration;
			baseConfigurationReference = 5A3A53AC8FA4EB60E4738846 /* Pods-Dating App.release.xcconfig */;
			buildSettings = {
				ASSETCATALOG_COMPILER_APPICON_NAME = AppIcon;
				DEVELOPMENT_TEAM = 95C5AY3VSS;
				INFOPLIST_FILE = "Dating App/Info.plist";
				IPHONEOS_DEPLOYMENT_TARGET = 9.3;
				LD_RUNPATH_SEARCH_PATHS = "$(inherited) @executable_path/Frameworks";
				PRODUCT_BUNDLE_IDENTIFIER = "com.khoa.Dating-App";
				PRODUCT_NAME = "$(TARGET_NAME)";
				SWIFT_VERSION = 3.0;
			};
			name = Release;
		};
/* End XCBuildConfiguration section */

/* Begin XCConfigurationList section */
		D288D0821F6CD1A900670DEC /* Build configuration list for PBXProject "Dating App" */ = {
			isa = XCConfigurationList;
			buildConfigurations = (
				D288D0971F6CD1A900670DEC /* Debug */,
				D288D0981F6CD1A900670DEC /* Release */,
			);
			defaultConfigurationIsVisible = 0;
			defaultConfigurationName = Release;
		};
		D288D0991F6CD1A900670DEC /* Build configuration list for PBXNativeTarget "Dating App" */ = {
			isa = XCConfigurationList;
			buildConfigurations = (
				D288D09A1F6CD1A900670DEC /* Debug */,
				D288D09B1F6CD1A900670DEC /* Release */,
			);
			defaultConfigurationIsVisible = 0;
			defaultConfigurationName = Release;
		};
/* End XCConfigurationList section */
	};
	rootObject = D288D07F1F6CD1A900670DEC /* Project object */;
}
